
Microsoft Visual Studio Solution File, Format Version 12.00
# Visual Studio 15
VisualStudioVersion = 15.0.26730.16
MinimumVisualStudioVersion = 10.0.40219.1
Project("{FAE04EC0-301F-11D3-BF4B-00C04F79EFBC}") = "test", "task1\test.csproj", "{9BD2A55A-7C15-4CF0-B350-59D4AA2DCE20}"
EndProject
Project("{FAE04EC0-301F-11D3-BF4B-00C04F79EFBC}") = "tack", "tack\tack.csproj", "{48F5E7FC-8CAD-463A-841C-A4536FDD766F}"
EndProject
Global
	GlobalSection(SolutionConfigurationPlatforms) = preSolution
		Debug|Any CPU = Debug|Any CPU
		Release|Any CPU = Release|Any CPU
	EndGlobalSection
	GlobalSection(ProjectConfigurationPlatforms) = postSolution
		{9BD2A55A-7C15-4CF0-B350-59D4AA2DCE20}.Debug|Any CPU.ActiveCfg = Debug|Any CPU
		{9BD2A55A-7C15-4CF0-B350-59D4AA2DCE20}.Debug|Any CPU.Build.0 = Debug|Any CPU
		{9BD2A55A-7C15-4CF0-B350-59D4AA2DCE20}.Release|Any CPU.ActiveCfg = Release|Any CPU
		{9BD2A55A-7C15-4CF0-B350-59D4AA2DCE20}.Release|Any CPU.Build.0 = Release|Any CPU
		{48F5E7FC-8CAD-463A-841C-A4536FDD766F}.Debug|Any CPU.ActiveCfg = Debug|Any CPU
		{48F5E7FC-8CAD-463A-841C-A4536FDD766F}.Debug|Any CPU.Build.0 = Debug|Any CPU
		{48F5E7FC-8CAD-463A-841C-A4536FDD766F}.Release|Any CPU.ActiveCfg = Release|Any CPU
		{48F5E7FC-8CAD-463A-841C-A4536FDD766F}.Release|Any CPU.Build.0 = Release|Any CPU
	EndGlobalSection
	GlobalSection(SolutionProperties) = preSolution
		HideSolutionNode = FALSE
	EndGlobalSection
	GlobalSection(ExtensibilityGlobals) = postSolution
		SolutionGuid = {645988C7-6A03-4F24-AAFF-EB976C5942B1}
	EndGlobalSection
EndGlobal
